// !$*UTF8*$!
{
	archiveVersion = 1;
	classes = {
	};
	objectVersion = 56;
	objects = {

/* Begin PBXBuildFile section */
		15F1D62B2932606D00EC2CA1 /* AlbumApp.swift in Sources */ = {isa = PBXBuildFile; fileRef = 15F1D62A2932606D00EC2CA1 /* AlbumApp.swift */; };
		15F1D62D2932606D00EC2CA1 /* ContentView.swift in Sources */ = {isa = PBXBuildFile; fileRef = 15F1D62C2932606D00EC2CA1 /* ContentView.swift */; };
		15F1D62F2932606F00EC2CA1 /* Assets.xcassets in Resources */ = {isa = PBXBuildFile; fileRef = 15F1D62E2932606E00EC2CA1 /* Assets.xcassets */; };
		15F1D6322932606F00EC2CA1 /* Preview Assets.xcassets in Resources */ = {isa = PBXBuildFile; fileRef = 15F1D6312932606F00EC2CA1 /* Preview Assets.xcassets */; };
		15F1D63C2932606F00EC2CA1 /* AlbumTests.swift in Sources */ = {isa = PBXBuildFile; fileRef = 15F1D63B2932606F00EC2CA1 /* AlbumTests.swift */; };
		15F1D6462932606F00EC2CA1 /* AlbumUITests.swift in Sources */ = {isa = PBXBuildFile; fileRef = 15F1D6452932606F00EC2CA1 /* AlbumUITests.swift */; };
		15F1D6482932606F00EC2CA1 /* AlbumUITestsLaunchTests.swift in Sources */ = {isa = PBXBuildFile; fileRef = 15F1D6472932606F00EC2CA1 /* AlbumUITestsLaunchTests.swift */; };
/* End PBXBuildFile section */

/* Begin PBXContainerItemProxy section */
		15F1D6382932606F00EC2CA1 /* PBXContainerItemProxy */ = {
			isa = PBXContainerItemProxy;
			containerPortal = 15F1D61F2932606D00EC2CA1 /* Project object */;
			proxyType = 1;
			remoteGlobalIDString = 15F1D6262932606D00EC2CA1;
			remoteInfo = Album;
		};
		15F1D6422932606F00EC2CA1 /* PBXContainerItemProxy */ = {
			isa = PBXContainerItemProxy;
			containerPortal = 15F1D61F2932606D00EC2CA1 /* Project object */;
			proxyType = 1;
			remoteGlobalIDString = 15F1D6262932606D00EC2CA1;
			remoteInfo = Album;
		};
/* End PBXContainerItemProxy section */

/* Begin PBXFileReference section */
		15F1D6272932606D00EC2CA1 /* Album.app */ = {isa = PBXFileReference; explicitFileType = wrapper.application; includeInIndex = 0; path = Album.app; sourceTree = BUILT_PRODUCTS_DIR; };
		15F1D62A2932606D00EC2CA1 /* AlbumApp.swift */ = {isa = PBXFileReference; lastKnownFileType = sourcecode.swift; path = AlbumApp.swift; sourceTree = "<group>"; };
		15F1D62C2932606D00EC2CA1 /* ContentView.swift */ = {isa = PBXFileReference; lastKnownFileType = sourcecode.swift; path = ContentView.swift; sourceTree = "<group>"; };
		15F1D62E2932606E00EC2CA1 /* Assets.xcassets */ = {isa = PBXFileReference; lastKnownFileType = folder.assetcatalog; path = Assets.xcassets; sourceTree = "<group>"; };
		15F1D6312932606F00EC2CA1 /* Preview Assets.xcassets */ = {isa = PBXFileReference; lastKnownFileType = folder.assetcatalog; path = "Preview Assets.xcassets"; sourceTree = "<group>"; };
		15F1D6372932606F00EC2CA1 /* AlbumTests.xctest */ = {isa = PBXFileReference; explicitFileType = wrapper.cfbundle; includeInIndex = 0; path = AlbumTests.xctest; sourceTree = BUILT_PRODUCTS_DIR; };
		15F1D63B2932606F00EC2CA1 /* AlbumTests.swift */ = {isa = PBXFileReference; lastKnownFileType = sourcecode.swift; path = AlbumTests.swift; sourceTree = "<group>"; };
		15F1D6412932606F00EC2CA1 /* AlbumUITests.xctest */ = {isa = PBXFileReference; explicitFileType = wrapper.cfbundle; includeInIndex = 0; path = AlbumUITests.xctest; sourceTree = BUILT_PRODUCTS_DIR; };
		15F1D6452932606F00EC2CA1 /* AlbumUITests.swift */ = {isa = PBXFileReference; lastKnownFileType = sourcecode.swift; path = AlbumUITests.swift; sourceTree = "<group>"; };
		15F1D6472932606F00EC2CA1 /* AlbumUITestsLaunchTests.swift */ = {isa = PBXFileReference; lastKnownFileType = sourcecode.swift; path = AlbumUITestsLaunchTests.swift; sourceTree = "<group>"; };
/* End PBXFileReference section */

/* Begin PBXFrameworksBuildPhase section */
		15F1D6242932606D00EC2CA1 /* Frameworks */ = {
			isa = PBXFrameworksBuildPhase;
			buildActionMask = 2147483647;
			files = (
			);
			runOnlyForDeploymentPostprocessing = 0;
		};
		15F1D6342932606F00EC2CA1 /* Frameworks */ = {
			isa = PBXFrameworksBuildPhase;
			buildActionMask = 2147483647;
			files = (
			);
			runOnlyForDeploymentPostprocessing = 0;
		};
		15F1D63E2932606F00EC2CA1 /* Frameworks */ = {
			isa = PBXFrameworksBuildPhase;
			buildActionMask = 2147483647;
			files = (
			);
			runOnlyForDeploymentPostprocessing = 0;
		};
/* End PBXFrameworksBuildPhase section */

/* Begin PBXGroup section */
		15F1D61E2932606D00EC2CA1 = {
			isa = PBXGroup;
			children = (
				15F1D6292932606D00EC2CA1 /* Album */,
				15F1D63A2932606F00EC2CA1 /* AlbumTests */,
				15F1D6442932606F00EC2CA1 /* AlbumUITests */,
				15F1D6282932606D00EC2CA1 /* Products */,
			);
			sourceTree = "<group>";
		};
		15F1D6282932606D00EC2CA1 /* Products */ = {
			isa = PBXGroup;
			children = (
				15F1D6272932606D00EC2CA1 /* Album.app */,
				15F1D6372932606F00EC2CA1 /* AlbumTests.xctest */,
				15F1D6412932606F00EC2CA1 /* AlbumUITests.xctest */,
			);
			name = Products;
			sourceTree = "<group>";
		};
		15F1D6292932606D00EC2CA1 /* Album */ = {
			isa = PBXGroup;
			children = (
				15F1D62A2932606D00EC2CA1 /* AlbumApp.swift */,
				15F1D62C2932606D00EC2CA1 /* ContentView.swift */,
				15F1D62E2932606E00EC2CA1 /* Assets.xcassets */,
				15F1D6302932606F00EC2CA1 /* Preview Content */,
			);
			path = Album;
			sourceTree = "<group>";
		};
		15F1D6302932606F00EC2CA1 /* Preview Content */ = {
			isa = PBXGroup;
			children = (
				15F1D6312932606F00EC2CA1 /* Preview Assets.xcassets */,
			);
			path = "Preview Content";
			sourceTree = "<group>";
		};
		15F1D63A2932606F00EC2CA1 /* AlbumTests */ = {
			isa = PBXGroup;
			children = (
				15F1D63B2932606F00EC2CA1 /* AlbumTests.swift */,
			);
			path = AlbumTests;
			sourceTree = "<group>";
		};
		15F1D6442932606F00EC2CA1 /* AlbumUITests */ = {
			isa = PBXGroup;
			children = (
				15F1D6452932606F00EC2CA1 /* AlbumUITests.swift */,
				15F1D6472932606F00EC2CA1 /* AlbumUITestsLaunchTests.swift */,
			);
			path = AlbumUITests;
			sourceTree = "<group>";
		};
/* End PBXGroup section */

/* Begin PBXNativeTarget section */
		15F1D6262932606D00EC2CA1 /* Album */ = {
			isa = PBXNativeTarget;
			buildConfigurationList = 15F1D64B2932606F00EC2CA1 /* Build configuration list for PBXNativeTarget "Album" */;
			buildPhases = (
				15F1D6232932606D00EC2CA1 /* Sources */,
				15F1D6242932606D00EC2CA1 /* Frameworks */,
				15F1D6252932606D00EC2CA1 /* Resources */,
			);
			buildRules = (
			);
			dependencies = (
			);
			name = Album;
			productName = Album;
			productReference = 15F1D6272932606D00EC2CA1 /* Album.app */;
			productType = "com.apple.product-type.application";
		};
		15F1D6362932606F00EC2CA1 /* AlbumTests */ = {
			isa = PBXNativeTarget;
			buildConfigurationList = 15F1D64E2932606F00EC2CA1 /* Build configuration list for PBXNativeTarget "AlbumTests" */;
			buildPhases = (
				15F1D6332932606F00EC2CA1 /* Sources */,
				15F1D6342932606F00EC2CA1 /* Frameworks */,
				15F1D6352932606F00EC2CA1 /* Resources */,
			);
			buildRules = (
			);
			dependencies = (
				15F1D6392932606F00EC2CA1 /* PBXTargetDependency */,
			);
			name = AlbumTests;
			productName = AlbumTests;
			productReference = 15F1D6372932606F00EC2CA1 /* AlbumTests.xctest */;
			productType = "com.apple.product-type.bundle.unit-test";
		};
		15F1D6402932606F00EC2CA1 /* AlbumUITests */ = {
			isa = PBXNativeTarget;
			buildConfigurationList = 15F1D6512932606F00EC2CA1 /* Build configuration list for PBXNativeTarget "AlbumUITests" */;
			buildPhases = (
				15F1D63D2932606F00EC2CA1 /* Sources */,
				15F1D63E2932606F00EC2CA1 /* Frameworks */,
				15F1D63F2932606F00EC2CA1 /* Resources */,
			);
			buildRules = (
			);
			dependencies = (
				15F1D6432932606F00EC2CA1 /* PBXTargetDependency */,
			);
			name = AlbumUITests;
			productName = AlbumUITests;
			productReference = 15F1D6412932606F00EC2CA1 /* AlbumUITests.xctest */;
			productType = "com.apple.product-type.bundle.ui-testing";
		};
/* End PBXNativeTarget section */

/* Begin PBXProject section */
		15F1D61F2932606D00EC2CA1 /* Project object */ = {
			isa = PBXProject;
			attributes = {
				BuildIndependentTargetsInParallel = 1;
				LastSwiftUpdateCheck = 1410;
				LastUpgradeCheck = 1410;
				TargetAttributes = {
					15F1D6262932606D00EC2CA1 = {
						CreatedOnToolsVersion = 14.1;
					};
					15F1D6362932606F00EC2CA1 = {
						CreatedOnToolsVersion = 14.1;
						TestTargetID = 15F1D6262932606D00EC2CA1;
					};
					15F1D6402932606F00EC2CA1 = {
						CreatedOnToolsVersion = 14.1;
						TestTargetID = 15F1D6262932606D00EC2CA1;
					};
				};
			};
			buildConfigurationList = 15F1D6222932606D00EC2CA1 /* Build configuration list for PBXProject "Album" */;
			compatibilityVersion = "Xcode 14.0";
			developmentRegion = en;
			hasScannedForEncodings = 0;
			knownRegions = (
				en,
				Base,
			);
			mainGroup = 15F1D61E2932606D00EC2CA1;
			productRefGroup = 15F1D6282932606D00EC2CA1 /* Products */;
			projectDirPath = "";
			projectRoot = "";
			targets = (
				15F1D6262932606D00EC2CA1 /* Album */,
				15F1D6362932606F00EC2CA1 /* AlbumTests */,
				15F1D6402932606F00EC2CA1 /* AlbumUITests */,
			);
		};
/* End PBXProject section */

/* Begin PBXResourcesBuildPhase section */
		15F1D6252932606D00EC2CA1 /* Resources */ = {
			isa = PBXResourcesBuildPhase;
			buildActionMask = 2147483647;
			files = (
				15F1D6322932606F00EC2CA1 /* Preview Assets.xcassets in Resources */,
				15F1D62F2932606F00EC2CA1 /* Assets.xcassets in Resources */,
			);
			runOnlyForDeploymentPostprocessing = 0;
		};
		15F1D6352932606F00EC2CA1 /* Resources */ = {
			isa = PBXResourcesBuildPhase;
			buildActionMask = 2147483647;
			files = (
			);
			runOnlyForDeploymentPostprocessing = 0;
		};
		15F1D63F2932606F00EC2CA1 /* Resources */ = {
			isa = PBXResourcesBuildPhase;
			buildActionMask = 2147483647;
			files = (
			);
			runOnlyForDeploymentPostprocessing = 0;
		};
/* End PBXResourcesBuildPhase section */

/* Begin PBXSourcesBuildPhase section */
		15F1D6232932606D00EC2CA1 /* Sources */ = {
			isa = PBXSourcesBuildPhase;
			buildActionMask = 2147483647;
			files = (
				15F1D62D2932606D00EC2CA1 /* ContentView.swift in Sources */,
				15F1D62B2932606D00EC2CA1 /* AlbumApp.swift in Sources */,
			);
			runOnlyForDeploymentPostprocessing = 0;
		};
		15F1D6332932606F00EC2CA1 /* Sources */ = {
			isa = PBXSourcesBuildPhase;
			buildActionMask = 2147483647;
			files = (
				15F1D63C2932606F00EC2CA1 /* AlbumTests.swift in Sources */,
			);
			runOnlyForDeploymentPostprocessing = 0;
		};
		15F1D63D2932606F00EC2CA1 /* Sources */ = {
			isa = PBXSourcesBuildPhase;
			buildActionMask = 2147483647;
			files = (
				15F1D6482932606F00EC2CA1 /* AlbumUITestsLaunchTests.swift in Sources */,
				15F1D6462932606F00EC2CA1 /* AlbumUITests.swift in Sources */,
			);
			runOnlyForDeploymentPostprocessing = 0;
		};
/* End PBXSourcesBuildPhase section */

/* Begin PBXTargetDependency section */
		15F1D6392932606F00EC2CA1 /* PBXTargetDependency */ = {
			isa = PBXTargetDependency;
			target = 15F1D6262932606D00EC2CA1 /* Album */;
			targetProxy = 15F1D6382932606F00EC2CA1 /* PBXContainerItemProxy */;
		};
		15F1D6432932606F00EC2CA1 /* PBXTargetDependency */ = {
			isa = PBXTargetDependency;
			target = 15F1D6262932606D00EC2CA1 /* Album */;
			targetProxy = 15F1D6422932606F00EC2CA1 /* PBXContainerItemProxy */;
		};
/* End PBXTargetDependency section */

/* Begin XCBuildConfiguration section */
		15F1D6492932606F00EC2CA1 /* Debug */ = {
			isa = XCBuildConfiguration;
			buildSettings = {
				ALWAYS_SEARCH_USER_PATHS = NO;
				CLANG_ANALYZER_NONNULL = YES;
				CLANG_ANALYZER_NUMBER_OBJECT_CONVERSION = YES_AGGRESSIVE;
				CLANG_CXX_LANGUAGE_STANDARD = "gnu++20";
				CLANG_ENABLE_MODULES = YES;
				CLANG_ENABLE_OBJC_ARC = YES;
				CLANG_ENABLE_OBJC_WEAK = YES;
				CLANG_WARN_BLOCK_CAPTURE_AUTORELEASING = YES;
				CLANG_WARN_BOOL_CONVERSION = YES;
				CLANG_WARN_COMMA = YES;
				CLANG_WARN_CONSTANT_CONVERSION = YES;
				CLANG_WARN_DEPRECATED_OBJC_IMPLEMENTATIONS = YES;
				CLANG_WARN_DIRECT_OBJC_ISA_USAGE = YES_ERROR;
				CLANG_WARN_DOCUMENTATION_COMMENTS = YES;
				CLANG_WARN_EMPTY_BODY = YES;
				CLANG_WARN_ENUM_CONVERSION = YES;
				CLANG_WARN_INFINITE_RECURSION = YES;
				CLANG_WARN_INT_CONVERSION = YES;
				CLANG_WARN_NON_LITERAL_NULL_CONVERSION = YES;
				CLANG_WARN_OBJC_IMPLICIT_RETAIN_SELF = YES;
				CLANG_WARN_OBJC_LITERAL_CONVERSION = YES;
				CLANG_WARN_OBJC_ROOT_CLASS = YES_ERROR;
				CLANG_WARN_QUOTED_INCLUDE_IN_FRAMEWORK_HEADER = YES;
				CLANG_WARN_RANGE_LOOP_ANALYSIS = YES;
				CLANG_WARN_STRICT_PROTOTYPES = YES;
				CLANG_WARN_SUSPICIOUS_MOVE = YES;
				CLANG_WARN_UNGUARDED_AVAILABILITY = YES_AGGRESSIVE;
				CLANG_WARN_UNREACHABLE_CODE = YES;
				CLANG_WARN__DUPLICATE_METHOD_MATCH = YES;
				COPY_PHASE_STRIP = NO;
				DEBUG_INFORMATION_FORMAT = dwarf;
				ENABLE_STRICT_OBJC_MSGSEND = YES;
				ENABLE_TESTABILITY = YES;
				GCC_C_LANGUAGE_STANDARD = gnu11;
				GCC_DYNAMIC_NO_PIC = NO;
				GCC_NO_COMMON_BLOCKS = YES;
				GCC_OPTIMIZATION_LEVEL = 0;
				GCC_PREPROCESSOR_DEFINITIONS = (
					"DEBUG=1",
					"$(inherited)",
				);
				GCC_WARN_64_TO_32_BIT_CONVERSION = YES;
				GCC_WARN_ABOUT_RETURN_TYPE = YES_ERROR;
				GCC_WARN_UNDECLARED_SELECTOR = YES;
				GCC_WARN_UNINITIALIZED_AUTOS = YES_AGGRESSIVE;
				GCC_WARN_UNUSED_FUNCTION = YES;
				GCC_WARN_UNUSED_VARIABLE = YES;
				IPHONEOS_DEPLOYMENT_TARGET = 16.1;
				MTL_ENABLE_DEBUG_INFO = INCLUDE_SOURCE;
				MTL_FAST_MATH = YES;
				ONLY_ACTIVE_ARCH = YES;
				SDKROOT = iphoneos;
				SWIFT_ACTIVE_COMPILATION_CONDITIONS = DEBUG;
				SWIFT_OPTIMIZATION_LEVEL = "-Onone";
			};
			name = Debug;
		};
		15F1D64A2932606F00EC2CA1 /* Release */ = {
			isa = XCBuildConfiguration;
			buildSettings = {
				ALWAYS_SEARCH_USER_PATHS = NO;
				CLANG_ANALYZER_NONNULL = YES;
				CLANG_ANALYZER_NUMBER_OBJECT_CONVERSION = YES_AGGRESSIVE;
				CLANG_CXX_LANGUAGE_STANDARD = "gnu++20";
				CLANG_ENABLE_MODULES = YES;
				CLANG_ENABLE_OBJC_ARC = YES;
				CLANG_ENABLE_OBJC_WEAK = YES;
				CLANG_WARN_BLOCK_CAPTURE_AUTORELEASING = YES;
				CLANG_WARN_BOOL_CONVERSION = YES;
				CLANG_WARN_COMMA = YES;
				CLANG_WARN_CONSTANT_CONVERSION = YES;
				CLANG_WARN_DEPRECATED_OBJC_IMPLEMENTATIONS = YES;
				CLANG_WARN_DIRECT_OBJC_ISA_USAGE = YES_ERROR;
				CLANG_WARN_DOCUMENTATION_COMMENTS = YES;
				CLANG_WARN_EMPTY_BODY = YES;
				CLANG_WARN_ENUM_CONVERSION = YES;
				CLANG_WARN_INFINITE_RECURSION = YES;
				CLANG_WARN_INT_CONVERSION = YES;
				CLANG_WARN_NON_LITERAL_NULL_CONVERSION = YES;
				CLANG_WARN_OBJC_IMPLICIT_RETAIN_SELF = YES;
				CLANG_WARN_OBJC_LITERAL_CONVERSION = YES;
				CLANG_WARN_OBJC_ROOT_CLASS = YES_ERROR;
				CLANG_WARN_QUOTED_INCLUDE_IN_FRAMEWORK_HEADER = YES;
				CLANG_WARN_RANGE_LOOP_ANALYSIS = YES;
				CLANG_WARN_STRICT_PROTOTYPES = YES;
				CLANG_WARN_SUSPICIOUS_MOVE = YES;
				CLANG_WARN_UNGUARDED_AVAILABILITY = YES_AGGRESSIVE;
				CLANG_WARN_UNREACHABLE_CODE = YES;
				CLANG_WARN__DUPLICATE_METHOD_MATCH = YES;
				COPY_PHASE_STRIP = NO;
				DEBUG_INFORMATION_FORMAT = "dwarf-with-dsym";
				ENABLE_NS_ASSERTIONS = NO;
				ENABLE_STRICT_OBJC_MSGSEND = YES;
				GCC_C_LANGUAGE_STANDARD = gnu11;
				GCC_NO_COMMON_BLOCKS = YES;
				GCC_WARN_64_TO_32_BIT_CONVERSION = YES;
				GCC_WARN_ABOUT_RETURN_TYPE = YES_ERROR;
				GCC_WARN_UNDECLARED_SELECTOR = YES;
				GCC_WARN_UNINITIALIZED_AUTOS = YES_AGGRESSIVE;
				GCC_WARN_UNUSED_FUNCTION = YES;
				GCC_WARN_UNUSED_VARIABLE = YES;
				IPHONEOS_DEPLOYMENT_TARGET = 16.1;
				MTL_ENABLE_DEBUG_INFO = NO;
				MTL_FAST_MATH = YES;
				SDKROOT = iphoneos;
				SWIFT_COMPILATION_MODE = wholemodule;
				SWIFT_OPTIMIZATION_LEVEL = "-O";
				VALIDATE_PRODUCT = YES;
			};
			name = Release;
		};
		15F1D64C2932606F00EC2CA1 /* Debug */ = {
			isa = XCBuildConfiguration;
			buildSettings = {
				ASSETCATALOG_COMPILER_APPICON_NAME = AppIcon;
				ASSETCATALOG_COMPILER_GLOBAL_ACCENT_COLOR_NAME = AccentColor;
				CODE_SIGN_STYLE = Automatic;
				CURRENT_PROJECT_VERSION = 1;
				DEVELOPMENT_ASSET_PATHS = "\"Album/Preview Content\"";
				ENABLE_PREVIEWS = YES;
				GENERATE_INFOPLIST_FILE = YES;
				INFOPLIST_KEY_UIApplicationSceneManifest_Generation = YES;
				INFOPLIST_KEY_UIApplicationSupportsIndirectInputEvents = YES;
				INFOPLIST_KEY_UILaunchScreen_Generation = YES;
				INFOPLIST_KEY_UISupportedInterfaceOrientations_iPad = "UIInterfaceOrientationPortrait UIInterfaceOrientationPortraitUpsideDown UIInterfaceOrientationLandscapeLeft UIInterfaceOrientationLandscapeRight";
				INFOPLIST_KEY_UISupportedInterfaceOrientations_iPhone = "UIInterfaceOrientationPortrait UIInterfaceOrientationLandscapeLeft UIInterfaceOrientationLandscapeRight";
				LD_RUNPATH_SEARCH_PATHS = (
					"$(inherited)",
					"@executable_path/Frameworks",
				);
				MARKETING_VERSION = 1.0;
				PRODUCT_BUNDLE_IDENTIFIER = com.yongjun.Album;
				PRODUCT_NAME = "$(TARGET_NAME)";
				SWIFT_EMIT_LOC_STRINGS = YES;
				SWIFT_VERSION = 5.0;
				TARGETED_DEVICE_FAMILY = "1,2";
			};
			name = Debug;
		};
		15F1D64D2932606F00EC2CA1 /* Release */ = {
			isa = XCBuildConfiguration;
			buildSettings = {
				ASSETCATALOG_COMPILER_APPICON_NAME = AppIcon;
				ASSETCATALOG_COMPILER_GLOBAL_ACCENT_COLOR_NAME = AccentColor;
				CODE_SIGN_STYLE = Automatic;
				CURRENT_PROJECT_VERSION = 1;
				DEVELOPMENT_ASSET_PATHS = "\"Album/Preview Content\"";
				ENABLE_PREVIEWS = YES;
				GENERATE_INFOPLIST_FILE = YES;
				INFOPLIST_KEY_UIApplicationSceneManifest_Generation = YES;
				INFOPLIST_KEY_UIApplicationSupportsIndirectInputEvents = YES;
				INFOPLIST_KEY_UILaunchScreen_Generation = YES;
				INFOPLIST_KEY_UISupportedInterfaceOrientations_iPad = "UIInterfaceOrientationPortrait UIInterfaceOrientationPortraitUpsideDown UIInterfaceOrientationLandscapeLeft UIInterfaceOrientationLandscapeRight";
				INFOPLIST_KEY_UISupportedInterfaceOrientations_iPhone = "UIInterfaceOrientationPortrait UIInterfaceOrientationLandscapeLeft UIInterfaceOrientationLandscapeRight";
				LD_RUNPATH_SEARCH_PATHS = (
					"$(inherited)",
					"@executable_path/Frameworks",
				);
				MARKETING_VERSION = 1.0;
				PRODUCT_BUNDLE_IDENTIFIER = com.yongjun.Album;
				PRODUCT_NAME = "$(TARGET_NAME)";
				SWIFT_EMIT_LOC_STRINGS = YES;
				SWIFT_VERSION = 5.0;
				TARGETED_DEVICE_FAMILY = "1,2";
			};
			name = Release;
		};
		15F1D64F2932606F00EC2CA1 /* Debug */ = {
			isa = XCBuildConfiguration;
			buildSettings = {
				ALWAYS_EMBED_SWIFT_STANDARD_LIBRARIES = YES;
				BUNDLE_LOADER = "$(TEST_HOST)";
				CODE_SIGN_STYLE = Automatic;
				CURRENT_PROJECT_VERSION = 1;
				GENERATE_INFOPLIST_FILE = YES;
				IPHONEOS_DEPLOYMENT_TARGET = 16.1;
				MARKETING_VERSION = 1.0;
				PRODUCT_BUNDLE_IDENTIFIER = com.yongjun.AlbumTests;
				PRODUCT_NAME = "$(TARGET_NAME)";
				SWIFT_EMIT_LOC_STRINGS = NO;
				SWIFT_VERSION = 5.0;
				TARGETED_DEVICE_FAMILY = "1,2";
				TEST_HOST = "$(BUILT_PRODUCTS_DIR)/Album.app/$(BUNDLE_EXECUTABLE_FOLDER_PATH)/Album";
			};
			name = Debug;
		};
		15F1D6502932606F00EC2CA1 /* Release */ = {
			isa = XCBuildConfiguration;
			buildSettings = {
				ALWAYS_EMBED_SWIFT_STANDARD_LIBRARIES = YES;
				BUNDLE_LOADER = "$(TEST_HOST)";
				CODE_SIGN_STYLE = Automatic;
				CURRENT_PROJECT_VERSION = 1;
				GENERATE_INFOPLIST_FILE = YES;
				IPHONEOS_DEPLOYMENT_TARGET = 16.1;
				MARKETING_VERSION = 1.0;
				PRODUCT_BUNDLE_IDENTIFIER = com.yongjun.AlbumTests;
				PRODUCT_NAME = "$(TARGET_NAME)";
				SWIFT_EMIT_LOC_STRINGS = NO;
				SWIFT_VERSION = 5.0;
				TARGETED_DEVICE_FAMILY = "1,2";
				TEST_HOST = "$(BUILT_PRODUCTS_DIR)/Album.app/$(BUNDLE_EXECUTABLE_FOLDER_PATH)/Album";
			};
			name = Release;
		};
		15F1D6522932606F00EC2CA1 /* Debug */ = {
			isa = XCBuildConfiguration;
			buildSettings = {
				ALWAYS_EMBED_SWIFT_STANDARD_LIBRARIES = YES;
				CODE_SIGN_STYLE = Automatic;
				CURRENT_PROJECT_VERSION = 1;
				GENERATE_INFOPLIST_FILE = YES;
				MARKETING_VERSION = 1.0;
				PRODUCT_BUNDLE_IDENTIFIER = com.yongjun.AlbumUITests;
				PRODUCT_NAME = "$(TARGET_NAME)";
				SWIFT_EMIT_LOC_STRINGS = NO;
				SWIFT_VERSION = 5.0;
				TARGETED_DEVICE_FAMILY = "1,2";
				TEST_TARGET_NAME = Album;
			};
			name = Debug;
		};
		15F1D6532932606F00EC2CA1 /* Release */ = {
			isa = XCBuildConfiguration;
			buildSettings = {
				ALWAYS_EMBED_SWIFT_STANDARD_LIBRARIES = YES;
				CODE_SIGN_STYLE = Automatic;
				CURRENT_PROJECT_VERSION = 1;
				GENERATE_INFOPLIST_FILE = YES;
				MARKETING_VERSION = 1.0;
				PRODUCT_BUNDLE_IDENTIFIER = com.yongjun.AlbumUITests;
				PRODUCT_NAME = "$(TARGET_NAME)";
				SWIFT_EMIT_LOC_STRINGS = NO;
				SWIFT_VERSION = 5.0;
				TARGETED_DEVICE_FAMILY = "1,2";
				TEST_TARGET_NAME = Album;
			};
			name = Release;
		};
/* End XCBuildConfiguration section */

/* Begin XCConfigurationList section */
		15F1D6222932606D00EC2CA1 /* Build configuration list for PBXProject "Album" */ = {
			isa = XCConfigurationList;
			buildConfigurations = (
				15F1D6492932606F00EC2CA1 /* Debug */,
				15F1D64A2932606F00EC2CA1 /* Release */,
			);
			defaultConfigurationIsVisible = 0;
			defaultConfigurationName = Release;
		};
		15F1D64B2932606F00EC2CA1 /* Build configuration list for PBXNativeTarget "Album" */ = {
			isa = XCConfigurationList;
			buildConfigurations = (
				15F1D64C2932606F00EC2CA1 /* Debug */,
				15F1D64D2932606F00EC2CA1 /* Release */,
			);
			defaultConfigurationIsVisible = 0;
			defaultConfigurationName = Release;
		};
		15F1D64E2932606F00EC2CA1 /* Build configuration list for PBXNativeTarget "AlbumTests" */ = {
			isa = XCConfigurationList;
			buildConfigurations = (
				15F1D64F2932606F00EC2CA1 /* Debug */,
				15F1D6502932606F00EC2CA1 /* Release */,
			);
			defaultConfigurationIsVisible = 0;
			defaultConfigurationName = Release;
		};
		15F1D6512932606F00EC2CA1 /* Build configuration list for PBXNativeTarget "AlbumUITests" */ = {
			isa = XCConfigurationList;
			buildConfigurations = (
				15F1D6522932606F00EC2CA1 /* Debug */,
				15F1D6532932606F00EC2CA1 /* Release */,
			);
			defaultConfigurationIsVisible = 0;
			defaultConfigurationName = Release;
		};
/* End XCConfigurationList section */
	};
	rootObject = 15F1D61F2932606D00EC2CA1 /* Project object */;
}
